// !$*UTF8*$!
{
	archiveVersion = 1;
	classes = {
	};
	objectVersion = 46;
	objects = {

/* Begin PBXBuildFile section */
		F2706F791DD2817600FF68B8 /* main.c in Sources */ = {isa = PBXBuildFile; fileRef = F2706F781DD2817600FF68B8 /* main.c */; };
/* End PBXBuildFile section */

/* Begin PBXCopyFilesBuildPhase section */
		F2706F731DD2817600FF68B8 /* CopyFiles */ = {
			isa = PBXCopyFilesBuildPhase;
			buildActionMask = 2147483647;
			dstPath = /usr/share/man/man1/;
			dstSubfolderSpec = 0;
			files = (
			);
			runOnlyForDeploymentPostprocessing = 1;
		};
/* End PBXCopyFilesBuildPhase section */

/* Begin PBXFileReference section */
		F2706F751DD2817600FF68B8 /* LaTeX-Bibtex parser */ = {isa = PBXFileReference; explicitFileType = "compiled.mach-o.executable"; includeInIndex = 0; path = "LaTeX-Bibtex parser"; sourceTree = BUILT_PRODUCTS_DIR; };
		F2706F781DD2817600FF68B8 /* main.c */ = {isa = PBXFileReference; lastKnownFileType = sourcecode.c.c; path = main.c; sourceTree = "<group>"; };
		F2706F7F1DD286B400FF68B8 /* manuskrypt.tex */ = {isa = PBXFileReference; fileEncoding = 4; lastKnownFileType = text; path = manuskrypt.tex; sourceTree = "<group>"; };
		F2706F801DD286BD00FF68B8 /* LA_bib.bib */ = {isa = PBXFileReference; fileEncoding = 4; lastKnownFileType = text; path = LA_bib.bib; sourceTree = "<group>"; };
		F2F6302A1DDA605300A5C64F /* test.txt */ = {isa = PBXFileReference; fileEncoding = 4; lastKnownFileType = text; path = test.txt; sourceTree = "<group>"; };
/* End PBXFileReference section */

/* Begin PBXFrameworksBuildPhase section */
		F2706F721DD2817600FF68B8 /* Frameworks */ = {
			isa = PBXFrameworksBuildPhase;
			buildActionMask = 2147483647;
			files = (
			);
			runOnlyForDeploymentPostprocessing = 0;
		};
/* End PBXFrameworksBuildPhase section */

/* Begin PBXGroup section */
		F2706F6C1DD2817600FF68B8 = {
			isa = PBXGroup;
			children = (
				F2706F771DD2817600FF68B8 /* LaTeX-Bibtex parser */,
				F2706F761DD2817600FF68B8 /* Products */,
			);
			sourceTree = "<group>";
		};
		F2706F761DD2817600FF68B8 /* Products */ = {
			isa = PBXGroup;
			children = (
				F2706F751DD2817600FF68B8 /* LaTeX-Bibtex parser */,
			);
			name = Products;
			sourceTree = "<group>";
		};
		F2706F771DD2817600FF68B8 /* LaTeX-Bibtex parser */ = {
			isa = PBXGroup;
			children = (
				F2706F801DD286BD00FF68B8 /* LA_bib.bib */,
				F2706F7F1DD286B400FF68B8 /* manuskrypt.tex */,
				F2706F781DD2817600FF68B8 /* main.c */,
				F2F6302A1DDA605300A5C64F /* test.txt */,
			);
			path = "LaTeX-Bibtex parser";
			sourceTree = "<group>";
		};
/* End PBXGroup section */

/* Begin PBXNativeTarget section */
		F2706F741DD2817600FF68B8 /* LaTeX-Bibtex parser */ = {
			isa = PBXNativeTarget;
			buildConfigurationList = F2706F7C1DD2817600FF68B8 /* Build configuration list for PBXNativeTarget "LaTeX-Bibtex parser" */;
			buildPhases = (
				F2706F711DD2817600FF68B8 /* Sources */,
				F2706F721DD2817600FF68B8 /* Frameworks */,
				F2706F731DD2817600FF68B8 /* CopyFiles */,
			);
			buildRules = (
			);
			dependencies = (
			);
			name = "LaTeX-Bibtex parser";
			productName = "LaTeX-Bibtex parser";
			productReference = F2706F751DD2817600FF68B8 /* LaTeX-Bibtex parser */;
			productType = "com.apple.product-type.tool";
		};
/* End PBXNativeTarget section */

/* Begin PBXProject section */
		F2706F6D1DD2817600FF68B8 /* Project object */ = {
			isa = PBXProject;
			attributes = {
				LastUpgradeCheck = 0820;
				ORGANIZATIONNAME = Booua;
				TargetAttributes = {
					F2706F741DD2817600FF68B8 = {
						CreatedOnToolsVersion = 8.2;
						ProvisioningStyle = Automatic;
					};
				};
			};
			buildConfigurationList = F2706F701DD2817600FF68B8 /* Build configuration list for PBXProject "LaTeX-Bibtex parser" */;
			compatibilityVersion = "Xcode 3.2";
			developmentRegion = English;
			hasScannedForEncodings = 0;
			knownRegions = (
				en,
			);
			mainGroup = F2706F6C1DD2817600FF68B8;
			productRefGroup = F2706F761DD2817600FF68B8 /* Products */;
			projectDirPath = "";
			projectRoot = "";
			targets = (
				F2706F741DD2817600FF68B8 /* LaTeX-Bibtex parser */,
			);
		};
/* End PBXProject section */

/* Begin PBXSourcesBuildPhase section */
		F2706F711DD2817600FF68B8 /* Sources */ = {
			isa = PBXSourcesBuildPhase;
			buildActionMask = 2147483647;
			files = (
				F2706F791DD2817600FF68B8 /* main.c in Sources */,
			);
			runOnlyForDeploymentPostprocessing = 0;
		};
/* End PBXSourcesBuildPhase section */

/* Begin XCBuildConfiguration section */
		F2706F7A1DD2817600FF68B8 /* Debug */ = {
			isa = XCBuildConfiguration;
			buildSettings = {
				ALWAYS_SEARCH_USER_PATHS = NO;
				CLANG_ANALYZER_NONNULL = YES;
				CLANG_CXX_LANGUAGE_STANDARD = "gnu++0x";
				CLANG_CXX_LIBRARY = "libc++";
				CLANG_ENABLE_MODULES = YES;
				CLANG_ENABLE_OBJC_ARC = YES;
				CLANG_WARN_BOOL_CONVERSION = YES;
				CLANG_WARN_CONSTANT_CONVERSION = YES;
				CLANG_WARN_DIRECT_OBJC_ISA_USAGE = YES_ERROR;
				CLANG_WARN_DOCUMENTATION_COMMENTS = YES;
				CLANG_WARN_EMPTY_BODY = YES;
				CLANG_WARN_ENUM_CONVERSION = YES;
				CLANG_WARN_INFINITE_RECURSION = YES;
				CLANG_WARN_INT_CONVERSION = YES;
				CLANG_WARN_OBJC_ROOT_CLASS = YES_ERROR;
				CLANG_WARN_SUSPICIOUS_MOVE = YES;
				CLANG_WARN_UNREACHABLE_CODE = YES;
				CLANG_WARN__DUPLICATE_METHOD_MATCH = YES;
				CODE_SIGN_IDENTITY = "-";
				COPY_PHASE_STRIP = NO;
				DEBUG_INFORMATION_FORMAT = dwarf;
				ENABLE_STRICT_OBJC_MSGSEND = YES;
				ENABLE_TESTABILITY = YES;
				GCC_C_LANGUAGE_STANDARD = gnu99;
				GCC_DYNAMIC_NO_PIC = NO;
				GCC_NO_COMMON_BLOCKS = YES;
				GCC_OPTIMIZATION_LEVEL = 0;
				GCC_PREPROCESSOR_DEFINITIONS = (
					"DEBUG=1",
					"$(inherited)",
				);
				GCC_WARN_64_TO_32_BIT_CONVERSION = YES;
				GCC_WARN_ABOUT_RETURN_TYPE = YES_ERROR;
				GCC_WARN_UNDECLARED_SELECTOR = YES;
				GCC_WARN_UNINITIALIZED_AUTOS = YES_AGGRESSIVE;
				GCC_WARN_UNUSED_FUNCTION = YES;
				GCC_WARN_UNUSED_VARIABLE = YES;
				MACOSX_DEPLOYMENT_TARGET = 10.12;
				MTL_ENABLE_DEBUG_INFO = YES;
				ONLY_ACTIVE_ARCH = YES;
				SDKROOT = macosx;
			};
			name = Debug;
		};
		F2706F7B1DD2817600FF68B8 /* Release */ = {
			isa = XCBuildConfiguration;
			buildSettings = {
				ALWAYS_SEARCH_USER_PATHS = NO;
				CLANG_ANALYZER_NONNULL = YES;
				CLANG_CXX_LANGUAGE_STANDARD = "gnu++0x";
				CLANG_CXX_LIBRARY = "libc++";
				CLANG_ENABLE_MODULES = YES;
				CLANG_ENABLE_OBJC_ARC = YES;
				CLANG_WARN_BOOL_CONVERSION = YES;
				CLANG_WARN_CONSTANT_CONVERSION = YES;
				CLANG_WARN_DIRECT_OBJC_ISA_USAGE = YES_ERROR;
				CLANG_WARN_DOCUMENTATION_COMMENTS = YES;
				CLANG_WARN_EMPTY_BODY = YES;
				CLANG_WARN_ENUM_CONVERSION = YES;
				CLANG_WARN_INFINITE_RECURSION = YES;
				CLANG_WARN_INT_CONVERSION = YES;
				CLANG_WARN_OBJC_ROOT_CLASS = YES_ERROR;
				CLANG_WARN_SUSPICIOUS_MOVE = YES;
				CLANG_WARN_UNREACHABLE_CODE = YES;
				CLANG_WARN__DUPLICATE_METHOD_MATCH = YES;
				CODE_SIGN_IDENTITY = "-";
				COPY_PHASE_STRIP = NO;
				DEBUG_INFORMATION_FORMAT = "dwarf-with-dsym";
				ENABLE_NS_ASSERTIONS = NO;
				ENABLE_STRICT_OBJC_MSGSEND = YES;
				GCC_C_LANGUAGE_STANDARD = gnu99;
				GCC_NO_COMMON_BLOCKS = YES;
				GCC_WARN_64_TO_32_BIT_CONVERSION = YES;
				GCC_WARN_ABOUT_RETURN_TYPE = YES_ERROR;
				GCC_WARN_UNDECLARED_SELECTOR = YES;
				GCC_WARN_UNINITIALIZED_AUTOS = YES_AGGRESSIVE;
				GCC_WARN_UNUSED_FUNCTION = YES;
				GCC_WARN_UNUSED_VARIABLE = YES;
				MACOSX_DEPLOYMENT_TARGET = 10.12;
				MTL_ENABLE_DEBUG_INFO = NO;
				SDKROOT = macosx;
			};
			name = Release;
		};
		F2706F7D1DD2817600FF68B8 /* Debug */ = {
			isa = XCBuildConfiguration;
			buildSettings = {
				PRODUCT_NAME = "$(TARGET_NAME)";
			};
			name = Debug;
		};
		F2706F7E1DD2817600FF68B8 /* Release */ = {
			isa = XCBuildConfiguration;
			buildSettings = {
				PRODUCT_NAME = "$(TARGET_NAME)";
			};
			name = Release;
		};
/* End XCBuildConfiguration section */

/* Begin XCConfigurationList section */
		F2706F701DD2817600FF68B8 /* Build configuration list for PBXProject "LaTeX-Bibtex parser" */ = {
			isa = XCConfigurationList;
			buildConfigurations = (
				F2706F7A1DD2817600FF68B8 /* Debug */,
				F2706F7B1DD2817600FF68B8 /* Release */,
			);
			defaultConfigurationIsVisible = 0;
			defaultConfigurationName = Release;
		};
		F2706F7C1DD2817600FF68B8 /* Build configuration list for PBXNativeTarget "LaTeX-Bibtex parser" */ = {
			isa = XCConfigurationList;
			buildConfigurations = (
				F2706F7D1DD2817600FF68B8 /* Debug */,
				F2706F7E1DD2817600FF68B8 /* Release */,
			);
			defaultConfigurationIsVisible = 0;
			defaultConfigurationName = Release;
		};
/* End XCConfigurationList section */
	};
	rootObject = F2706F6D1DD2817600FF68B8 /* Project object */;
}
